
Microsoft Visual Studio Solution File, Format Version 12.00
# Visual Studio Version 17
VisualStudioVersion = 17.9.34728.123
MinimumVisualStudioVersion = 10.0.40219.1
Project("{9A19103F-16F7-4668-BE54-9A1E7A4F7556}") = "Repositories", "Repositories\Repositories.csproj", "{F6AAE7E2-D87A-4260-BDEC-F7C8BBECA045}"
EndProject
Project("{9A19103F-16F7-4668-BE54-9A1E7A4F7556}") = "Services", "Services\Services.csproj", "{61BBB58E-7671-4EE4-B606-9CCAB745CA0A}"
EndProject
Project("{9A19103F-16F7-4668-BE54-9A1E7A4F7556}") = "BusinessObjects", "BusinessObjects\BusinessObjects.csproj", "{9A490B5F-DD78-4070-8441-5632D63EAA04}"
EndProject
Project("{9A19103F-16F7-4668-BE54-9A1E7A4F7556}") = "DataAccessObjects", "DataAccessObjects\DataAccessObjects.csproj", "{93986553-94E3-4E61-8EC5-DE67DBAD65AE}"
EndProject
Project("{9A19103F-16F7-4668-BE54-9A1E7A4F7556}") = "WPFApp", "WPFApp\WPFApp.csproj", "{A988F017-AB60-4BB8-9F02-8CCD3162622E}"
EndProject
Global
	GlobalSection(SolutionConfigurationPlatforms) = preSolution
		Debug|Any CPU = Debug|Any CPU
		Release|Any CPU = Release|Any CPU
	EndGlobalSection
	GlobalSection(ProjectConfigurationPlatforms) = postSolution
		{F6AAE7E2-D87A-4260-BDEC-F7C8BBECA045}.Debug|Any CPU.ActiveCfg = Debug|Any CPU
		{F6AAE7E2-D87A-4260-BDEC-F7C8BBECA045}.Debug|Any CPU.Build.0 = Debug|Any CPU
		{F6AAE7E2-D87A-4260-BDEC-F7C8BBECA045}.Release|Any CPU.ActiveCfg = Release|Any CPU
		{F6AAE7E2-D87A-4260-BDEC-F7C8BBECA045}.Release|Any CPU.Build.0 = Release|Any CPU
		{61BBB58E-7671-4EE4-B606-9CCAB745CA0A}.Debug|Any CPU.ActiveCfg = Debug|Any CPU
		{61BBB58E-7671-4EE4-B606-9CCAB745CA0A}.Debug|Any CPU.Build.0 = Debug|Any CPU
		{61BBB58E-7671-4EE4-B606-9CCAB745CA0A}.Release|Any CPU.ActiveCfg = Release|Any CPU
		{61BBB58E-7671-4EE4-B606-9CCAB745CA0A}.Release|Any CPU.Build.0 = Release|Any CPU
		{9A490B5F-DD78-4070-8441-5632D63EAA04}.Debug|Any CPU.ActiveCfg = Debug|Any CPU
		{9A490B5F-DD78-4070-8441-5632D63EAA04}.Debug|Any CPU.Build.0 = Debug|Any CPU
		{9A490B5F-DD78-4070-8441-5632D63EAA04}.Release|Any CPU.ActiveCfg = Release|Any CPU
		{9A490B5F-DD78-4070-8441-5632D63EAA04}.Release|Any CPU.Build.0 = Release|Any CPU
		{93986553-94E3-4E61-8EC5-DE67DBAD65AE}.Debug|Any CPU.ActiveCfg = Debug|Any CPU
		{93986553-94E3-4E61-8EC5-DE67DBAD65AE}.Debug|Any CPU.Build.0 = Debug|Any CPU
		{93986553-94E3-4E61-8EC5-DE67DBAD65AE}.Release|Any CPU.ActiveCfg = Release|Any CPU
		{93986553-94E3-4E61-8EC5-DE67DBAD65AE}.Release|Any CPU.Build.0 = Release|Any CPU
		{A988F017-AB60-4BB8-9F02-8CCD3162622E}.Debug|Any CPU.ActiveCfg = Debug|Any CPU
		{A988F017-AB60-4BB8-9F02-8CCD3162622E}.Debug|Any CPU.Build.0 = Debug|Any CPU
		{A988F017-AB60-4BB8-9F02-8CCD3162622E}.Release|Any CPU.ActiveCfg = Release|Any CPU
		{A988F017-AB60-4BB8-9F02-8CCD3162622E}.Release|Any CPU.Build.0 = Release|Any CPU
	EndGlobalSection
	GlobalSection(SolutionProperties) = preSolution
		HideSolutionNode = FALSE
	EndGlobalSection
	GlobalSection(ExtensibilityGlobals) = postSolution
		SolutionGuid = {512BF957-D77E-4669-86BA-1F3F80581616}
	EndGlobalSection
EndGlobal
